github.com/godzie44/go-uring v0.0.0-20250501163612-d16a9e597639 h1:2CFLA2aAqoFw81reL7/ornK5UP437vyKrrqh88Txl2Q=
github.com/godzie44/go-uring v0.0.0-20250501163612-d16a9e597639/go.mod h1:ermjEDUoT/fS+3Ona5Vd6t6mZkw1eHp99ILO5jGRBkM=
github.com/iceber/iouring-go v0.0.0-20230403020409-002cfd2e2a90 h1:xrtfZokN++5kencK33hn2Kx3Uj8tGnjMEhdt6FMvHD0=
github.com/iceber/iouring-go v0.0.0-20230403020409-002cfd2e2a90/go.mod h1:LEzdaZarZ5aqROlLIwJ4P7h3+4o71008fSy6wpaEB+s=
github.com/libp2p/go-sockaddr v0.1.1 h1:yD80l2ZOdGksnOyHrhxDdTDFrf7Oy+v3FMVArIRgZxQ=
github.com/libp2p/go-sockaddr v0.1.1/go.mod h1:syPvOmNs24S3dFVGJA1/mrqdeijPxLV2Le3BRLKd68k=
golang.org/x/sys v0.0.0-20190228124157-a34e9553db1e/go.mod h1:STP8DvDyc/dI5b8T5hshtkjS+E42TnysNCUPdjciGhY=
golang.org/x/sys v0.0.0-20200923182605-d9f96fdee20d/go.mod h1:h1NjWce9XRLGQEsW7wpKNCjG9DtNlClVuFLEZdDNbEs=
golang.org/x/sys v0.40.0 h1:DBZZqJ2Rkml6QMQsZywtnjnnGvHza6BTfYFWY9kjEWQ=
golang.org/x/sys v0.40.0/go.mod h1:OgkHotnGiDImocRcuBABYBEXf8A9a87e/uXjp9XT3ks=
gopkg.in/check.v1 v0.0.0-20161208181325-20d25e280405/go.mod h1:Co6ibVJAznAaIkqp8huTwlJQCZ016jof/cbN4VW5Yz0=
gopkg.in/yaml.v3 v3.0.1 h1:fxVm/GzAzEWqLHuvctI91KS9hhNmmWOoWu0XTYJS7CA=
gopkg.in/yaml.v3 v3.0.1/go.mod h1:K4uyk7z7BCEPqu6E+C64Yfv1cQ7kz7rIZviUmN+EgEM=
